
Microsoft Visual Studio Solution File, Format Version 12.00
# Visual Studio Version 17
VisualStudioVersion = 17.13.35913.81
MinimumVisualStudioVersion = 10.0.40219.1
Project("{FAE04EC0-301F-11D3-BF4B-00C04F79EFBC}") = "TrabalhoCObra", "TRABALHOATPTETRIS\TrabalhoCObra.csproj", "{DCB9DEAC-BD14-4F2E-84B7-D979CA152505}"
EndProject
Global
	GlobalSection(SolutionConfigurationPlatforms) = preSolution
		Debug|Any CPU = Debug|Any CPU
		Release|Any CPU = Release|Any CPU
	EndGlobalSection
	GlobalSection(ProjectConfigurationPlatforms) = postSolution
		{DCB9DEAC-BD14-4F2E-84B7-D979CA152505}.Debug|Any CPU.ActiveCfg = Debug|Any CPU
		{DCB9DEAC-BD14-4F2E-84B7-D979CA152505}.Debug|Any CPU.Build.0 = Debug|Any CPU
		{DCB9DEAC-BD14-4F2E-84B7-D979CA152505}.Release|Any CPU.ActiveCfg = Release|Any CPU
		{DCB9DEAC-BD14-4F2E-84B7-D979CA152505}.Release|Any CPU.Build.0 = Release|Any CPU
	EndGlobalSection
	GlobalSection(SolutionProperties) = preSolution
		HideSolutionNode = FALSE
	EndGlobalSection
	GlobalSection(ExtensibilityGlobals) = postSolution
		SolutionGuid = {49A1555A-3E12-4780-9233-1B8E3032E5E0}
	EndGlobalSection
EndGlobal
